
Microsoft Visual Studio Solution File, Format Version 12.00
# Visual Studio 15
VisualStudioVersion = 15.0.27703.2042
MinimumVisualStudioVersion = 10.0.40219.1
Project("{9A19103F-16F7-4668-BE54-9A1E7A4F7556}") = "Test", "Test\Test.csproj", "{1438917D-11D6-4396-9708-68CF50873B4B}"
EndProject
Project("{FAE04EC0-301F-11D3-BF4B-00C04F79EFBC}") = "App1", "App1\App1.csproj", "{EE143E58-FC53-4989-B6DD-6548DBDD49E0}"
EndProject
Global
	GlobalSection(SolutionConfigurationPlatforms) = preSolution
		Debug|Any CPU = Debug|Any CPU
		Debug|ARM = Debug|ARM
		Debug|x64 = Debug|x64
		Debug|x86 = Debug|x86
		Release|Any CPU = Release|Any CPU
		Release|ARM = Release|ARM
		Release|x64 = Release|x64
		Release|x86 = Release|x86
	EndGlobalSection
	GlobalSection(ProjectConfigurationPlatforms) = postSolution
		{1438917D-11D6-4396-9708-68CF50873B4B}.Debug|Any CPU.ActiveCfg = Debug|Any CPU
		{1438917D-11D6-4396-9708-68CF50873B4B}.Debug|Any CPU.Build.0 = Debug|Any CPU
		{1438917D-11D6-4396-9708-68CF50873B4B}.Debug|ARM.ActiveCfg = Debug|Any CPU
		{1438917D-11D6-4396-9708-68CF50873B4B}.Debug|ARM.Build.0 = Debug|Any CPU
		{1438917D-11D6-4396-9708-68CF50873B4B}.Debug|x64.ActiveCfg = Debug|Any CPU
		{1438917D-11D6-4396-9708-68CF50873B4B}.Debug|x64.Build.0 = Debug|Any CPU
		{1438917D-11D6-4396-9708-68CF50873B4B}.Debug|x86.ActiveCfg = Debug|Any CPU
		{1438917D-11D6-4396-9708-68CF50873B4B}.Debug|x86.Build.0 = Debug|Any CPU
		{1438917D-11D6-4396-9708-68CF50873B4B}.Release|Any CPU.ActiveCfg = Release|Any CPU
		{1438917D-11D6-4396-9708-68CF50873B4B}.Release|Any CPU.Build.0 = Release|Any CPU
		{1438917D-11D6-4396-9708-68CF50873B4B}.Release|ARM.ActiveCfg = Release|Any CPU
		{1438917D-11D6-4396-9708-68CF50873B4B}.Release|ARM.Build.0 = Release|Any CPU
		{1438917D-11D6-4396-9708-68CF50873B4B}.Release|x64.ActiveCfg = Release|Any CPU
		{1438917D-11D6-4396-9708-68CF50873B4B}.Release|x64.Build.0 = Release|Any CPU
		{1438917D-11D6-4396-9708-68CF50873B4B}.Release|x86.ActiveCfg = Release|Any CPU
		{1438917D-11D6-4396-9708-68CF50873B4B}.Release|x86.Build.0 = Release|Any CPU
		{EE143E58-FC53-4989-B6DD-6548DBDD49E0}.Debug|Any CPU.ActiveCfg = Debug|x86
		{EE143E58-FC53-4989-B6DD-6548DBDD49E0}.Debug|ARM.ActiveCfg = Debug|ARM
		{EE143E58-FC53-4989-B6DD-6548DBDD49E0}.Debug|ARM.Build.0 = Debug|ARM
		{EE143E58-FC53-4989-B6DD-6548DBDD49E0}.Debug|ARM.Deploy.0 = Debug|ARM
		{EE143E58-FC53-4989-B6DD-6548DBDD49E0}.Debug|x64.ActiveCfg = Debug|x64
		{EE143E58-FC53-4989-B6DD-6548DBDD49E0}.Debug|x64.Build.0 = Debug|x64
		{EE143E58-FC53-4989-B6DD-6548DBDD49E0}.Debug|x64.Deploy.0 = Debug|x64
		{EE143E58-FC53-4989-B6DD-6548DBDD49E0}.Debug|x86.ActiveCfg = Debug|x86
		{EE143E58-FC53-4989-B6DD-6548DBDD49E0}.Debug|x86.Build.0 = Debug|x86
		{EE143E58-FC53-4989-B6DD-6548DBDD49E0}.Debug|x86.Deploy.0 = Debug|x86
		{EE143E58-FC53-4989-B6DD-6548DBDD49E0}.Release|Any CPU.ActiveCfg = Release|x86
		{EE143E58-FC53-4989-B6DD-6548DBDD49E0}.Release|ARM.ActiveCfg = Release|ARM
		{EE143E58-FC53-4989-B6DD-6548DBDD49E0}.Release|ARM.Build.0 = Release|ARM
		{EE143E58-FC53-4989-B6DD-6548DBDD49E0}.Release|ARM.Deploy.0 = Release|ARM
		{EE143E58-FC53-4989-B6DD-6548DBDD49E0}.Release|x64.ActiveCfg = Release|x64
		{EE143E58-FC53-4989-B6DD-6548DBDD49E0}.Release|x64.Build.0 = Release|x64
		{EE143E58-FC53-4989-B6DD-6548DBDD49E0}.Release|x64.Deploy.0 = Release|x64
		{EE143E58-FC53-4989-B6DD-6548DBDD49E0}.Release|x86.ActiveCfg = Release|x86
		{EE143E58-FC53-4989-B6DD-6548DBDD49E0}.Release|x86.Build.0 = Release|x86
		{EE143E58-FC53-4989-B6DD-6548DBDD49E0}.Release|x86.Deploy.0 = Release|x86
	EndGlobalSection
	GlobalSection(SolutionProperties) = preSolution
		HideSolutionNode = FALSE
	EndGlobalSection
	GlobalSection(ExtensibilityGlobals) = postSolution
		SolutionGuid = {FE40BC22-57DB-4A8C-BE49-C31809837D9E}
	EndGlobalSection
EndGlobal
