
Microsoft Visual Studio Solution File, Format Version 12.00
# Visual Studio 15
VisualStudioVersion = 15.0.27703.2042
MinimumVisualStudioVersion = 10.0.40219.1
Project("{FAE04EC0-301F-11D3-BF4B-00C04F79EFBC}") = "App1", "App1\App1.csproj", "{F834C796-8634-4534-A5DE-E797D8D312FC}"
EndProject
Global
	GlobalSection(SolutionConfigurationPlatforms) = preSolution
		Debug|ARM = Debug|ARM
		Debug|x64 = Debug|x64
		Debug|x86 = Debug|x86
		Release|ARM = Release|ARM
		Release|x64 = Release|x64
		Release|x86 = Release|x86
	EndGlobalSection
	GlobalSection(ProjectConfigurationPlatforms) = postSolution
		{F834C796-8634-4534-A5DE-E797D8D312FC}.Debug|ARM.ActiveCfg = Debug|ARM
		{F834C796-8634-4534-A5DE-E797D8D312FC}.Debug|ARM.Build.0 = Debug|ARM
		{F834C796-8634-4534-A5DE-E797D8D312FC}.Debug|ARM.Deploy.0 = Debug|ARM
		{F834C796-8634-4534-A5DE-E797D8D312FC}.Debug|x64.ActiveCfg = Debug|x64
		{F834C796-8634-4534-A5DE-E797D8D312FC}.Debug|x64.Build.0 = Debug|x64
		{F834C796-8634-4534-A5DE-E797D8D312FC}.Debug|x64.Deploy.0 = Debug|x64
		{F834C796-8634-4534-A5DE-E797D8D312FC}.Debug|x86.ActiveCfg = Debug|x86
		{F834C796-8634-4534-A5DE-E797D8D312FC}.Debug|x86.Build.0 = Debug|x86
		{F834C796-8634-4534-A5DE-E797D8D312FC}.Debug|x86.Deploy.0 = Debug|x86
		{F834C796-8634-4534-A5DE-E797D8D312FC}.Release|ARM.ActiveCfg = Release|ARM
		{F834C796-8634-4534-A5DE-E797D8D312FC}.Release|ARM.Build.0 = Release|ARM
		{F834C796-8634-4534-A5DE-E797D8D312FC}.Release|ARM.Deploy.0 = Release|ARM
		{F834C796-8634-4534-A5DE-E797D8D312FC}.Release|x64.ActiveCfg = Release|x64
		{F834C796-8634-4534-A5DE-E797D8D312FC}.Release|x64.Build.0 = Release|x64
		{F834C796-8634-4534-A5DE-E797D8D312FC}.Release|x64.Deploy.0 = Release|x64
		{F834C796-8634-4534-A5DE-E797D8D312FC}.Release|x86.ActiveCfg = Release|x86
		{F834C796-8634-4534-A5DE-E797D8D312FC}.Release|x86.Build.0 = Release|x86
		{F834C796-8634-4534-A5DE-E797D8D312FC}.Release|x86.Deploy.0 = Release|x86
	EndGlobalSection
	GlobalSection(SolutionProperties) = preSolution
		HideSolutionNode = FALSE
	EndGlobalSection
	GlobalSection(ExtensibilityGlobals) = postSolution
		SolutionGuid = {CD3974E9-7C38-4DE9-9D7E-2F3AA9F95086}
	EndGlobalSection
EndGlobal
